# Pinned Codex system skill contract for this environment.
# Refresh intentionally with: bash scripts/system-skill-lock.sh --write
imagegen 34a12b9dd091c27ea7f8daccb8e8b4e9a01607993d9f54c51c3438daa6b4e272
openai-docs 40646aea8fb81b6a735dd103271e9431518432dab01f2d5f1481d919c91c69b1
plugin-creator 49d0868f6ef51c75f21d58f08e59e74d61f3da8e8e26693b1098f7f7e49a5464
review-agent 0d36396c3899287b12d8e5a6ff7b5bc79c6015e1f1529b59ac86f9d799322f34
skill-creator 473b9dd5ff3df1d352b499d83e00864290bd2874ac3f9243e33f09ab7e9e835c
skill-installer d84a434075826080518e3805023f6c2b584a0767092cfa1cb2e3461be9de7f17
