# Pinned Codex system skill contract for this environment.
# Refresh intentionally with: bash scripts/system-skill-lock.sh --write
imagegen 34a12b9dd091c27ea7f8daccb8e8b4e9a01607993d9f54c51c3438daa6b4e272
openai-docs f203880a4ebadbb01ac5e871d968f92f695c6186c31befc73f132fdc31d5a490
plugin-creator ea09e8099bce9166abf85abe0e54df0b2dee3ad61b022700efac73a02119bbe4
skill-creator a7ddc2cf971949f16f5bd387adfd4bb5a499f43ffd3a4e561f69f805dae52554
skill-installer c468f50ebcefb4d8480d0538aa3092f158adbc403fc4361a573dfbed0ec6fa14
